
Microsoft Visual Studio Solution File, Format Version 12.00
# Visual Studio Version 17
VisualStudioVersion = 17.6.33801.468
MinimumVisualStudioVersion = 10.0.40219.1
Project("{FAE04EC0-301F-11D3-BF4B-00C04F79EFBC}") = "AdessoWorldLeague.API", "AdessoWorldLeague.API\AdessoWorldLeague.API.csproj", "{318E0812-8060-4BEA-8734-073ABC600D95}"
EndProject
Project("{FAE04EC0-301F-11D3-BF4B-00C04F79EFBC}") = "AdessoWorldLeauge.Domain", "AdessoWorldLeauge.Domain\AdessoWorldLeauge.Domain.csproj", "{EB8E2763-27CB-405A-AB95-567D9A675E1E}"
EndProject
Project("{FAE04EC0-301F-11D3-BF4B-00C04F79EFBC}") = "AdessoWorldLeague.Infrastructure", "AdessoWorldLeague.Infrastructure\AdessoWorldLeague.Infrastructure.csproj", "{BDB24370-BCE5-4FBA-BCA6-13164F88D694}"
EndProject
Project("{FAE04EC0-301F-11D3-BF4B-00C04F79EFBC}") = "AdessoWorldLeague.Tests", "AdessoWorldLeague.Tests\AdessoWorldLeague.Tests.csproj", "{120E63C1-9677-456F-BBC0-A6B126B3790E}"
EndProject
Global
	GlobalSection(SolutionConfigurationPlatforms) = preSolution
		Debug|Any CPU = Debug|Any CPU
		Release|Any CPU = Release|Any CPU
	EndGlobalSection
	GlobalSection(ProjectConfigurationPlatforms) = postSolution
		{318E0812-8060-4BEA-8734-073ABC600D95}.Debug|Any CPU.ActiveCfg = Debug|Any CPU
		{318E0812-8060-4BEA-8734-073ABC600D95}.Debug|Any CPU.Build.0 = Debug|Any CPU
		{318E0812-8060-4BEA-8734-073ABC600D95}.Release|Any CPU.ActiveCfg = Release|Any CPU
		{318E0812-8060-4BEA-8734-073ABC600D95}.Release|Any CPU.Build.0 = Release|Any CPU
		{EB8E2763-27CB-405A-AB95-567D9A675E1E}.Debug|Any CPU.ActiveCfg = Debug|Any CPU
		{EB8E2763-27CB-405A-AB95-567D9A675E1E}.Debug|Any CPU.Build.0 = Debug|Any CPU
		{EB8E2763-27CB-405A-AB95-567D9A675E1E}.Release|Any CPU.ActiveCfg = Release|Any CPU
		{EB8E2763-27CB-405A-AB95-567D9A675E1E}.Release|Any CPU.Build.0 = Release|Any CPU
		{BDB24370-BCE5-4FBA-BCA6-13164F88D694}.Debug|Any CPU.ActiveCfg = Debug|Any CPU
		{BDB24370-BCE5-4FBA-BCA6-13164F88D694}.Debug|Any CPU.Build.0 = Debug|Any CPU
		{BDB24370-BCE5-4FBA-BCA6-13164F88D694}.Release|Any CPU.ActiveCfg = Release|Any CPU
		{BDB24370-BCE5-4FBA-BCA6-13164F88D694}.Release|Any CPU.Build.0 = Release|Any CPU
		{120E63C1-9677-456F-BBC0-A6B126B3790E}.Debug|Any CPU.ActiveCfg = Debug|Any CPU
		{120E63C1-9677-456F-BBC0-A6B126B3790E}.Debug|Any CPU.Build.0 = Debug|Any CPU
		{120E63C1-9677-456F-BBC0-A6B126B3790E}.Release|Any CPU.ActiveCfg = Release|Any CPU
		{120E63C1-9677-456F-BBC0-A6B126B3790E}.Release|Any CPU.Build.0 = Release|Any CPU
	EndGlobalSection
	GlobalSection(SolutionProperties) = preSolution
		HideSolutionNode = FALSE
	EndGlobalSection
	GlobalSection(ExtensibilityGlobals) = postSolution
		SolutionGuid = {5F2A779E-9234-45B1-8805-215962DFB0CD}
	EndGlobalSection
EndGlobal
